
Microsoft Visual Studio Solution File, Format Version 12.00
# Visual Studio Version 17
VisualStudioVersion = 17.10.34916.146
MinimumVisualStudioVersion = 10.0.40219.1
Project("{FAE04EC0-301F-11D3-BF4B-00C04F79EFBC}") = "ProyectoExamen2", "ProyectoExamen2\ProyectoExamen2.csproj", "{A90E1D5B-F679-4F84-A9A4-2AAA1154CAA5}"
EndProject
Global
	GlobalSection(SolutionConfigurationPlatforms) = preSolution
		Debug|Any CPU = Debug|Any CPU
		Release|Any CPU = Release|Any CPU
	EndGlobalSection
	GlobalSection(ProjectConfigurationPlatforms) = postSolution
		{A90E1D5B-F679-4F84-A9A4-2AAA1154CAA5}.Debug|Any CPU.ActiveCfg = Debug|Any CPU
		{A90E1D5B-F679-4F84-A9A4-2AAA1154CAA5}.Debug|Any CPU.Build.0 = Debug|Any CPU
		{A90E1D5B-F679-4F84-A9A4-2AAA1154CAA5}.Release|Any CPU.ActiveCfg = Release|Any CPU
		{A90E1D5B-F679-4F84-A9A4-2AAA1154CAA5}.Release|Any CPU.Build.0 = Release|Any CPU
	EndGlobalSection
	GlobalSection(SolutionProperties) = preSolution
		HideSolutionNode = FALSE
	EndGlobalSection
	GlobalSection(ExtensibilityGlobals) = postSolution
		SolutionGuid = {A21B7369-C03A-415E-8DDE-FAE45E7A54F1}
	EndGlobalSection
EndGlobal
